
Microsoft Visual Studio Solution File, Format Version 12.00
# Visual Studio Version 16
VisualStudioVersion = 16.0.29201.188
MinimumVisualStudioVersion = 10.0.40219.1
Project("{FAE04EC0-301F-11D3-BF4B-00C04F79EFBC}") = "DataAccessLayer", "DataAccessLayer\DataAccessLayer.csproj", "{835EDD5B-423C-4D08-9D11-AAA5E7875F3E}"
EndProject
Project("{FAE04EC0-301F-11D3-BF4B-00C04F79EFBC}") = "Entities", "Entities\Entities.csproj", "{391A8E14-CE69-4632-AA9C-22509B3F46AD}"
EndProject
Project("{FAE04EC0-301F-11D3-BF4B-00C04F79EFBC}") = "BusinessLayer", "BusinessLayer\BusinessLayer.csproj", "{C645BCF9-5EFC-476F-83CD-E0618BD190CD}"
EndProject
Project("{FAE04EC0-301F-11D3-BF4B-00C04F79EFBC}") = "ASPNET", "ASPNET\ASPNET.csproj", "{256FAC34-ACEA-4E66-8B43-08131115AB86}"
EndProject
Global
	GlobalSection(SolutionConfigurationPlatforms) = preSolution
		Debug|Any CPU = Debug|Any CPU
		Release|Any CPU = Release|Any CPU
	EndGlobalSection
	GlobalSection(ProjectConfigurationPlatforms) = postSolution
		{835EDD5B-423C-4D08-9D11-AAA5E7875F3E}.Debug|Any CPU.ActiveCfg = Debug|Any CPU
		{835EDD5B-423C-4D08-9D11-AAA5E7875F3E}.Debug|Any CPU.Build.0 = Debug|Any CPU
		{835EDD5B-423C-4D08-9D11-AAA5E7875F3E}.Release|Any CPU.ActiveCfg = Release|Any CPU
		{835EDD5B-423C-4D08-9D11-AAA5E7875F3E}.Release|Any CPU.Build.0 = Release|Any CPU
		{391A8E14-CE69-4632-AA9C-22509B3F46AD}.Debug|Any CPU.ActiveCfg = Debug|Any CPU
		{391A8E14-CE69-4632-AA9C-22509B3F46AD}.Debug|Any CPU.Build.0 = Debug|Any CPU
		{391A8E14-CE69-4632-AA9C-22509B3F46AD}.Release|Any CPU.ActiveCfg = Release|Any CPU
		{391A8E14-CE69-4632-AA9C-22509B3F46AD}.Release|Any CPU.Build.0 = Release|Any CPU
		{C645BCF9-5EFC-476F-83CD-E0618BD190CD}.Debug|Any CPU.ActiveCfg = Debug|Any CPU
		{C645BCF9-5EFC-476F-83CD-E0618BD190CD}.Debug|Any CPU.Build.0 = Debug|Any CPU
		{C645BCF9-5EFC-476F-83CD-E0618BD190CD}.Release|Any CPU.ActiveCfg = Release|Any CPU
		{C645BCF9-5EFC-476F-83CD-E0618BD190CD}.Release|Any CPU.Build.0 = Release|Any CPU
		{256FAC34-ACEA-4E66-8B43-08131115AB86}.Debug|Any CPU.ActiveCfg = Debug|Any CPU
		{256FAC34-ACEA-4E66-8B43-08131115AB86}.Debug|Any CPU.Build.0 = Debug|Any CPU
		{256FAC34-ACEA-4E66-8B43-08131115AB86}.Release|Any CPU.ActiveCfg = Release|Any CPU
		{256FAC34-ACEA-4E66-8B43-08131115AB86}.Release|Any CPU.Build.0 = Release|Any CPU
	EndGlobalSection
	GlobalSection(SolutionProperties) = preSolution
		HideSolutionNode = FALSE
	EndGlobalSection
	GlobalSection(ExtensibilityGlobals) = postSolution
		SolutionGuid = {6BCCC8C1-CB05-436D-9DAF-225583F250DD}
	EndGlobalSection
EndGlobal
